
Microsoft Visual Studio Solution File, Format Version 12.00
# Visual Studio Version 17
VisualStudioVersion = 17.8.34330.188
MinimumVisualStudioVersion = 10.0.40219.1
Project("{FAE04EC0-301F-11D3-BF4B-00C04F79EFBC}") = "PWASAMPLEBLAZOR", "PWASAMPLEBLAZOR\PWASAMPLEBLAZOR.csproj", "{028DD856-EDF4-4841-8924-71C946097D17}"
EndProject
Project("{FAE04EC0-301F-11D3-BF4B-00C04F79EFBC}") = "RazorClassLibraryDependency", "deps\RazorClassLibraryDependency\RazorClassLibraryDependency.csproj", "{2D978152-00A1-4634-A38A-6965472DDB8C}"
EndProject
Global
	GlobalSection(SolutionConfigurationPlatforms) = preSolution
		Debug|Any CPU = Debug|Any CPU
		Release|Any CPU = Release|Any CPU
	EndGlobalSection
	GlobalSection(ProjectConfigurationPlatforms) = postSolution
		{028DD856-EDF4-4841-8924-71C946097D17}.Debug|Any CPU.ActiveCfg = Debug|Any CPU
		{028DD856-EDF4-4841-8924-71C946097D17}.Debug|Any CPU.Build.0 = Debug|Any CPU
		{028DD856-EDF4-4841-8924-71C946097D17}.Release|Any CPU.ActiveCfg = Release|Any CPU
		{028DD856-EDF4-4841-8924-71C946097D17}.Release|Any CPU.Build.0 = Release|Any CPU
		{2D978152-00A1-4634-A38A-6965472DDB8C}.Debug|Any CPU.ActiveCfg = Debug|Any CPU
		{2D978152-00A1-4634-A38A-6965472DDB8C}.Debug|Any CPU.Build.0 = Debug|Any CPU
		{2D978152-00A1-4634-A38A-6965472DDB8C}.Release|Any CPU.ActiveCfg = Release|Any CPU
		{2D978152-00A1-4634-A38A-6965472DDB8C}.Release|Any CPU.Build.0 = Release|Any CPU
	EndGlobalSection
	GlobalSection(SolutionProperties) = preSolution
		HideSolutionNode = FALSE
	EndGlobalSection
	GlobalSection(ExtensibilityGlobals) = postSolution
		SolutionGuid = {B62754B5-660F-427D-BF1B-68537E22B55B}
	EndGlobalSection
EndGlobal
